
Microsoft Visual Studio Solution File, Format Version 12.00
# Visual Studio 15
VisualStudioVersion = 15.0.27004.2006
MinimumVisualStudioVersion = 10.0.40219.1
Project("{FAE04EC0-301F-11D3-BF4B-00C04F79EFBC}") = "SocialNetwork", "SocialNetwork\SocialNetwork.csproj", "{FFC204AE-4DC2-4C2E-8C2D-3A7045FD2AA0}"
EndProject
Project("{FAE04EC0-301F-11D3-BF4B-00C04F79EFBC}") = "SocialNetwork.Data", "SocialNetwork.Data\SocialNetwork.Data.csproj", "{32422A3A-2594-4708-8F66-173158743EDE}"
EndProject
Project("{FAE04EC0-301F-11D3-BF4B-00C04F79EFBC}") = "SocialNetwork.Models", "SocialNetwork.Models\SocialNetwork.Models.csproj", "{644167F8-A1BB-49D9-934B-702A29CA5385}"
EndProject
Global
	GlobalSection(SolutionConfigurationPlatforms) = preSolution
		Debug|Any CPU = Debug|Any CPU
		Release|Any CPU = Release|Any CPU
	EndGlobalSection
	GlobalSection(ProjectConfigurationPlatforms) = postSolution
		{FFC204AE-4DC2-4C2E-8C2D-3A7045FD2AA0}.Debug|Any CPU.ActiveCfg = Debug|Any CPU
		{FFC204AE-4DC2-4C2E-8C2D-3A7045FD2AA0}.Debug|Any CPU.Build.0 = Debug|Any CPU
		{FFC204AE-4DC2-4C2E-8C2D-3A7045FD2AA0}.Release|Any CPU.ActiveCfg = Release|Any CPU
		{FFC204AE-4DC2-4C2E-8C2D-3A7045FD2AA0}.Release|Any CPU.Build.0 = Release|Any CPU
		{32422A3A-2594-4708-8F66-173158743EDE}.Debug|Any CPU.ActiveCfg = Debug|Any CPU
		{32422A3A-2594-4708-8F66-173158743EDE}.Debug|Any CPU.Build.0 = Debug|Any CPU
		{32422A3A-2594-4708-8F66-173158743EDE}.Release|Any CPU.ActiveCfg = Release|Any CPU
		{32422A3A-2594-4708-8F66-173158743EDE}.Release|Any CPU.Build.0 = Release|Any CPU
		{644167F8-A1BB-49D9-934B-702A29CA5385}.Debug|Any CPU.ActiveCfg = Debug|Any CPU
		{644167F8-A1BB-49D9-934B-702A29CA5385}.Debug|Any CPU.Build.0 = Debug|Any CPU
		{644167F8-A1BB-49D9-934B-702A29CA5385}.Release|Any CPU.ActiveCfg = Release|Any CPU
		{644167F8-A1BB-49D9-934B-702A29CA5385}.Release|Any CPU.Build.0 = Release|Any CPU
	EndGlobalSection
	GlobalSection(SolutionProperties) = preSolution
		HideSolutionNode = FALSE
	EndGlobalSection
	GlobalSection(ExtensibilityGlobals) = postSolution
		SolutionGuid = {1FDD8FD7-F4F9-443C-9380-382700577F65}
	EndGlobalSection
EndGlobal
