
Microsoft Visual Studio Solution File, Format Version 12.00
# Visual Studio 15
VisualStudioVersion = 15.0.27004.2009
MinimumVisualStudioVersion = 10.0.40219.1
Project("{9A19103F-16F7-4668-BE54-9A1E7A4F7556}") = "IntroNetCore", "IntroNetCore\IntroNetCore.csproj", "{C0228AC4-BA3F-4D57-AECB-36A84216E891}"
EndProject
Project("{9A19103F-16F7-4668-BE54-9A1E7A4F7556}") = "Intro.Models", "Intro.Models\Intro.Models.csproj", "{9582FE89-D00C-4BFA-A6EE-C571B4D3C7B9}"
EndProject
Project("{9A19103F-16F7-4668-BE54-9A1E7A4F7556}") = "Intro.Data", "Intro.Data\Intro.Data.csproj", "{B27D0C11-57B3-4AB2-9817-E4832D5102DA}"
EndProject
Project("{FAE04EC0-301F-11D3-BF4B-00C04F79EFBC}") = "Intro.DataProcesing", "Intro.DataProcesing\Intro.DataProcesing.csproj", "{B65E5D22-B2BA-466F-B4E4-E215F19092C5}"
EndProject
Global
	GlobalSection(SolutionConfigurationPlatforms) = preSolution
		Debug|Any CPU = Debug|Any CPU
		Release|Any CPU = Release|Any CPU
	EndGlobalSection
	GlobalSection(ProjectConfigurationPlatforms) = postSolution
		{C0228AC4-BA3F-4D57-AECB-36A84216E891}.Debug|Any CPU.ActiveCfg = Debug|Any CPU
		{C0228AC4-BA3F-4D57-AECB-36A84216E891}.Debug|Any CPU.Build.0 = Debug|Any CPU
		{C0228AC4-BA3F-4D57-AECB-36A84216E891}.Release|Any CPU.ActiveCfg = Release|Any CPU
		{C0228AC4-BA3F-4D57-AECB-36A84216E891}.Release|Any CPU.Build.0 = Release|Any CPU
		{9582FE89-D00C-4BFA-A6EE-C571B4D3C7B9}.Debug|Any CPU.ActiveCfg = Debug|Any CPU
		{9582FE89-D00C-4BFA-A6EE-C571B4D3C7B9}.Debug|Any CPU.Build.0 = Debug|Any CPU
		{9582FE89-D00C-4BFA-A6EE-C571B4D3C7B9}.Release|Any CPU.ActiveCfg = Release|Any CPU
		{9582FE89-D00C-4BFA-A6EE-C571B4D3C7B9}.Release|Any CPU.Build.0 = Release|Any CPU
		{B27D0C11-57B3-4AB2-9817-E4832D5102DA}.Debug|Any CPU.ActiveCfg = Debug|Any CPU
		{B27D0C11-57B3-4AB2-9817-E4832D5102DA}.Debug|Any CPU.Build.0 = Debug|Any CPU
		{B27D0C11-57B3-4AB2-9817-E4832D5102DA}.Release|Any CPU.ActiveCfg = Release|Any CPU
		{B27D0C11-57B3-4AB2-9817-E4832D5102DA}.Release|Any CPU.Build.0 = Release|Any CPU
		{B65E5D22-B2BA-466F-B4E4-E215F19092C5}.Debug|Any CPU.ActiveCfg = Debug|Any CPU
		{B65E5D22-B2BA-466F-B4E4-E215F19092C5}.Debug|Any CPU.Build.0 = Debug|Any CPU
		{B65E5D22-B2BA-466F-B4E4-E215F19092C5}.Release|Any CPU.ActiveCfg = Release|Any CPU
		{B65E5D22-B2BA-466F-B4E4-E215F19092C5}.Release|Any CPU.Build.0 = Release|Any CPU
	EndGlobalSection
	GlobalSection(SolutionProperties) = preSolution
		HideSolutionNode = FALSE
	EndGlobalSection
	GlobalSection(ExtensibilityGlobals) = postSolution
		SolutionGuid = {628D293E-092A-48AB-852B-9FE65B48CD4A}
	EndGlobalSection
EndGlobal
